{
  "README.md:2461810661": [
    [425, 14, 11, "Lint/Syntax: unexpected token tLABEL\n(Using Ruby 3.2 parser; configure using `TargetRubyVersion` parameter, under `AllCops`)", 2506233881],
    [425, 27, 9, "Lint/Syntax: unknown regexp options: lcalht\n(Using Ruby 3.2 parser; configure using `TargetRubyVersion` parameter, under `AllCops`)", 3210828456]
  ],
  "bin/coverage_branches:2666843168": [
    [55, 15, 4, "Security/Eval: The use of `eval` is a serious security risk.", 2087429787],
    [60, 15, 4, "Security/Eval: The use of `eval` is a serious security risk.", 2087429787]
  ],
  "spec/dotenv/merge/smart_merger_spec.rb:4064171756": [
    [181, 13, 24, "RSpec/ContextWording: Context description should match /^when\\b/, /^with\\b/, or /^without\\b/.", 989519827]
  ],
  "spec/dotenv/version_spec.rb:3249002697": [
    [3, 1, 37, "RSpec/SpecFilePathFormat: Spec path should end with `dotenv/merge/version*_spec.rb`.", 3431078673]
  ]
}
